
Microsoft Visual Studio Solution File, Format Version 12.00
# Visual Studio Version 17
VisualStudioVersion = 17.4.33213.308
MinimumVisualStudioVersion = 10.0.40219.1
Project("{8BC9CEB8-8B4A-11D0-8D11-00A0C91BC942}") = "Odkaz přes pointery", "Odkaz přes pointery\Odkaz přes pointery.vcxproj", "{8FEFE919-221D-4821-A301-E0F4FA0D057C}"
EndProject
Global
	GlobalSection(SolutionConfigurationPlatforms) = preSolution
		Debug|x64 = Debug|x64
		Debug|x86 = Debug|x86
		Release|x64 = Release|x64
		Release|x86 = Release|x86
	EndGlobalSection
	GlobalSection(ProjectConfigurationPlatforms) = postSolution
		{8FEFE919-221D-4821-A301-E0F4FA0D057C}.Debug|x64.ActiveCfg = Debug|x64
		{8FEFE919-221D-4821-A301-E0F4FA0D057C}.Debug|x64.Build.0 = Debug|x64
		{8FEFE919-221D-4821-A301-E0F4FA0D057C}.Debug|x86.ActiveCfg = Debug|Win32
		{8FEFE919-221D-4821-A301-E0F4FA0D057C}.Debug|x86.Build.0 = Debug|Win32
		{8FEFE919-221D-4821-A301-E0F4FA0D057C}.Release|x64.ActiveCfg = Release|x64
		{8FEFE919-221D-4821-A301-E0F4FA0D057C}.Release|x64.Build.0 = Release|x64
		{8FEFE919-221D-4821-A301-E0F4FA0D057C}.Release|x86.ActiveCfg = Release|Win32
		{8FEFE919-221D-4821-A301-E0F4FA0D057C}.Release|x86.Build.0 = Release|Win32
	EndGlobalSection
	GlobalSection(SolutionProperties) = preSolution
		HideSolutionNode = FALSE
	EndGlobalSection
	GlobalSection(ExtensibilityGlobals) = postSolution
		SolutionGuid = {31B8484D-89CD-4CF6-9CC3-8CCBCD7D8DE6}
	EndGlobalSection
EndGlobal
